
Microsoft Visual Studio Solution File, Format Version 12.00
# Visual Studio Version 17
VisualStudioVersion = 17.3.32819.101
MinimumVisualStudioVersion = 10.0.40219.1
Project("{FAE04EC0-301F-11D3-BF4B-00C04F79EFBC}") = "UrunSatisSitesi.WebUI", "UrunSatisSitesi.WebUI\UrunSatisSitesi.WebUI.csproj", "{56D772CC-CC0A-4A39-90E7-EC4B2971CDAC}"
EndProject
Project("{FAE04EC0-301F-11D3-BF4B-00C04F79EFBC}") = "UrunSatisSitesi.Entities", "UrunSatisSitesi.Entities\UrunSatisSitesi.Entities.csproj", "{B45F74C2-A876-4835-9783-7C035F7B69AD}"
EndProject
Project("{FAE04EC0-301F-11D3-BF4B-00C04F79EFBC}") = "UrunSatisSitesi.Data", "UrunSatisSitesi.Data\UrunSatisSitesi.Data.csproj", "{046B9C8D-2379-4733-A95E-7B0EA530A175}"
EndProject
Global
	GlobalSection(SolutionConfigurationPlatforms) = preSolution
		Debug|Any CPU = Debug|Any CPU
		Release|Any CPU = Release|Any CPU
	EndGlobalSection
	GlobalSection(ProjectConfigurationPlatforms) = postSolution
		{56D772CC-CC0A-4A39-90E7-EC4B2971CDAC}.Debug|Any CPU.ActiveCfg = Debug|Any CPU
		{56D772CC-CC0A-4A39-90E7-EC4B2971CDAC}.Debug|Any CPU.Build.0 = Debug|Any CPU
		{56D772CC-CC0A-4A39-90E7-EC4B2971CDAC}.Release|Any CPU.ActiveCfg = Release|Any CPU
		{56D772CC-CC0A-4A39-90E7-EC4B2971CDAC}.Release|Any CPU.Build.0 = Release|Any CPU
		{B45F74C2-A876-4835-9783-7C035F7B69AD}.Debug|Any CPU.ActiveCfg = Debug|Any CPU
		{B45F74C2-A876-4835-9783-7C035F7B69AD}.Debug|Any CPU.Build.0 = Debug|Any CPU
		{B45F74C2-A876-4835-9783-7C035F7B69AD}.Release|Any CPU.ActiveCfg = Release|Any CPU
		{B45F74C2-A876-4835-9783-7C035F7B69AD}.Release|Any CPU.Build.0 = Release|Any CPU
		{046B9C8D-2379-4733-A95E-7B0EA530A175}.Debug|Any CPU.ActiveCfg = Debug|Any CPU
		{046B9C8D-2379-4733-A95E-7B0EA530A175}.Debug|Any CPU.Build.0 = Debug|Any CPU
		{046B9C8D-2379-4733-A95E-7B0EA530A175}.Release|Any CPU.ActiveCfg = Release|Any CPU
		{046B9C8D-2379-4733-A95E-7B0EA530A175}.Release|Any CPU.Build.0 = Release|Any CPU
	EndGlobalSection
	GlobalSection(SolutionProperties) = preSolution
		HideSolutionNode = FALSE
	EndGlobalSection
	GlobalSection(ExtensibilityGlobals) = postSolution
		SolutionGuid = {60EB77C0-E6C4-475D-A907-4CDEA171C6E1}
	EndGlobalSection
EndGlobal
